
Microsoft Visual Studio Solution File, Format Version 12.00
# Visual Studio Version 16
VisualStudioVersion = 16.0.31005.135
MinimumVisualStudioVersion = 10.0.40219.1
Project("{FAE04EC0-301F-11D3-BF4B-00C04F79EFBC}") = "API", "API\API.csproj", "{E1F6793C-8B68-4744-966B-6C23FC354C8F}"
EndProject
Global
	GlobalSection(SolutionConfigurationPlatforms) = preSolution
		Debug|Any CPU = Debug|Any CPU
		Release|Any CPU = Release|Any CPU
	EndGlobalSection
	GlobalSection(ProjectConfigurationPlatforms) = postSolution
		{E1F6793C-8B68-4744-966B-6C23FC354C8F}.Debug|Any CPU.ActiveCfg = Debug|Any CPU
		{E1F6793C-8B68-4744-966B-6C23FC354C8F}.Debug|Any CPU.Build.0 = Debug|Any CPU
		{E1F6793C-8B68-4744-966B-6C23FC354C8F}.Release|Any CPU.ActiveCfg = Release|Any CPU
		{E1F6793C-8B68-4744-966B-6C23FC354C8F}.Release|Any CPU.Build.0 = Release|Any CPU
	EndGlobalSection
	GlobalSection(SolutionProperties) = preSolution
		HideSolutionNode = FALSE
	EndGlobalSection
	GlobalSection(ExtensibilityGlobals) = postSolution
		SolutionGuid = {F14CBF96-39A2-4C28-95E5-5A794D5B9FCF}
	EndGlobalSection
EndGlobal
