
Microsoft Visual Studio Solution File, Format Version 12.00
# Visual Studio Version 17
VisualStudioVersion = 17.1.32414.318
MinimumVisualStudioVersion = 10.0.40219.1
Project("{FAE04EC0-301F-11D3-BF4B-00C04F79EFBC}") = "Crypter", "Crypter\Crypter.csproj", "{AEBFE9D2-BFEF-45C1-B7A9-CE3EA252554C}"
EndProject
Global
	GlobalSection(SolutionConfigurationPlatforms) = preSolution
		Debug|Any CPU = Debug|Any CPU
		Release|Any CPU = Release|Any CPU
	EndGlobalSection
	GlobalSection(ProjectConfigurationPlatforms) = postSolution
		{AEBFE9D2-BFEF-45C1-B7A9-CE3EA252554C}.Debug|Any CPU.ActiveCfg = Debug|Any CPU
		{AEBFE9D2-BFEF-45C1-B7A9-CE3EA252554C}.Debug|Any CPU.Build.0 = Debug|Any CPU
		{AEBFE9D2-BFEF-45C1-B7A9-CE3EA252554C}.Release|Any CPU.ActiveCfg = Release|Any CPU
		{AEBFE9D2-BFEF-45C1-B7A9-CE3EA252554C}.Release|Any CPU.Build.0 = Release|Any CPU
	EndGlobalSection
	GlobalSection(SolutionProperties) = preSolution
		HideSolutionNode = FALSE
	EndGlobalSection
	GlobalSection(ExtensibilityGlobals) = postSolution
		SolutionGuid = {E9BF33D9-66E0-4B66-A604-30389DB00C92}
	EndGlobalSection
EndGlobal
